
Microsoft Visual Studio Solution File, Format Version 12.00
# Visual Studio Version 17
VisualStudioVersion = 17.7.34009.444
MinimumVisualStudioVersion = 10.0.40219.1
Project("{FAE04EC0-301F-11D3-BF4B-00C04F79EFBC}") = "infomatica", "infomatica.csproj", "{3E80BF67-B4F1-401F-9C13-D4D33D12DADA}"
EndProject
Project("{FAE04EC0-301F-11D3-BF4B-00C04F79EFBC}") = "DB", "..\DB\DB.csproj", "{6BAE67BA-D89E-40F6-9B64-38CBC079BC25}"
EndProject
Global
	GlobalSection(SolutionConfigurationPlatforms) = preSolution
		Debug|Any CPU = Debug|Any CPU
		Release|Any CPU = Release|Any CPU
	EndGlobalSection
	GlobalSection(ProjectConfigurationPlatforms) = postSolution
		{3E80BF67-B4F1-401F-9C13-D4D33D12DADA}.Debug|Any CPU.ActiveCfg = Debug|Any CPU
		{3E80BF67-B4F1-401F-9C13-D4D33D12DADA}.Debug|Any CPU.Build.0 = Debug|Any CPU
		{3E80BF67-B4F1-401F-9C13-D4D33D12DADA}.Release|Any CPU.ActiveCfg = Release|Any CPU
		{3E80BF67-B4F1-401F-9C13-D4D33D12DADA}.Release|Any CPU.Build.0 = Release|Any CPU
		{6BAE67BA-D89E-40F6-9B64-38CBC079BC25}.Debug|Any CPU.ActiveCfg = Debug|Any CPU
		{6BAE67BA-D89E-40F6-9B64-38CBC079BC25}.Debug|Any CPU.Build.0 = Debug|Any CPU
		{6BAE67BA-D89E-40F6-9B64-38CBC079BC25}.Release|Any CPU.ActiveCfg = Release|Any CPU
		{6BAE67BA-D89E-40F6-9B64-38CBC079BC25}.Release|Any CPU.Build.0 = Release|Any CPU
	EndGlobalSection
	GlobalSection(SolutionProperties) = preSolution
		HideSolutionNode = FALSE
	EndGlobalSection
	GlobalSection(ExtensibilityGlobals) = postSolution
		SolutionGuid = {1EBEAE16-C68B-48C8-9B16-3B3FCB069FBE}
	EndGlobalSection
EndGlobal
